// !$*UTF8*$!
{
	archiveVersion = 1;
	classes = {
	};
	objectVersion = 51;
	objects = {

/* Begin PBXBuildFile section */
		72A58D057EC9F7EC3AE60247 /* Pods_TestInputAccessoryView.framework in Frameworks */ = {isa = PBXBuildFile; fileRef = 7D8E5E2876F7AA9EA4E6C34F /* Pods_TestInputAccessoryView.framework */; };
		FA615106238250350085025A /* UIColor+RGB.swift in Sources */ = {isa = PBXBuildFile; fileRef = FA615105238250350085025A /* UIColor+RGB.swift */; };
		FA90653C237EA43100BE216C /* AppDelegate.swift in Sources */ = {isa = PBXBuildFile; fileRef = FA90653B237EA43100BE216C /* AppDelegate.swift */; };
		FA90653E237EA43100BE216C /* SceneDelegate.swift in Sources */ = {isa = PBXBuildFile; fileRef = FA90653D237EA43100BE216C /* SceneDelegate.swift */; };
		FA906540237EA43100BE216C /* ViewController.swift in Sources */ = {isa = PBXBuildFile; fileRef = FA90653F237EA43100BE216C /* ViewController.swift */; };
		FA906545237EA43200BE216C /* Assets.xcassets in Resources */ = {isa = PBXBuildFile; fileRef = FA906544237EA43200BE216C /* Assets.xcassets */; };
		FA906548237EA43300BE216C /* LaunchScreen.storyboard in Resources */ = {isa = PBXBuildFile; fileRef = FA906546237EA43300BE216C /* LaunchScreen.storyboard */; };
/* End PBXBuildFile section */

/* Begin PBXFileReference section */
		060C1DBE0D51253420AD7D77 /* Pods-TestInputAccessoryView.debug.xcconfig */ = {isa = PBXFileReference; includeInIndex = 1; lastKnownFileType = text.xcconfig; name = "Pods-TestInputAccessoryView.debug.xcconfig"; path = "Target Support Files/Pods-TestInputAccessoryView/Pods-TestInputAccessoryView.debug.xcconfig"; sourceTree = "<group>"; };
		7D8E5E2876F7AA9EA4E6C34F /* Pods_TestInputAccessoryView.framework */ = {isa = PBXFileReference; explicitFileType = wrapper.framework; includeInIndex = 0; path = Pods_TestInputAccessoryView.framework; sourceTree = BUILT_PRODUCTS_DIR; };
		D848E152C22190220A136C6D /* Pods-TestInputAccessoryView.release.xcconfig */ = {isa = PBXFileReference; includeInIndex = 1; lastKnownFileType = text.xcconfig; name = "Pods-TestInputAccessoryView.release.xcconfig"; path = "Target Support Files/Pods-TestInputAccessoryView/Pods-TestInputAccessoryView.release.xcconfig"; sourceTree = "<group>"; };
		FA615105238250350085025A /* UIColor+RGB.swift */ = {isa = PBXFileReference; fileEncoding = 4; lastKnownFileType = sourcecode.swift; path = "UIColor+RGB.swift"; sourceTree = "<group>"; };
		FA906538237EA43100BE216C /* TestInputAccessoryView.app */ = {isa = PBXFileReference; explicitFileType = wrapper.application; includeInIndex = 0; path = TestInputAccessoryView.app; sourceTree = BUILT_PRODUCTS_DIR; };
		FA90653B237EA43100BE216C /* AppDelegate.swift */ = {isa = PBXFileReference; lastKnownFileType = sourcecode.swift; path = AppDelegate.swift; sourceTree = "<group>"; };
		FA90653D237EA43100BE216C /* SceneDelegate.swift */ = {isa = PBXFileReference; lastKnownFileType = sourcecode.swift; path = SceneDelegate.swift; sourceTree = "<group>"; };
		FA90653F237EA43100BE216C /* ViewController.swift */ = {isa = PBXFileReference; lastKnownFileType = sourcecode.swift; path = ViewController.swift; sourceTree = "<group>"; };
		FA906544237EA43200BE216C /* Assets.xcassets */ = {isa = PBXFileReference; lastKnownFileType = folder.assetcatalog; path = Assets.xcassets; sourceTree = "<group>"; };
		FA906547237EA43300BE216C /* Base */ = {isa = PBXFileReference; lastKnownFileType = file.storyboard; name = Base; path = Base.lproj/LaunchScreen.storyboard; sourceTree = "<group>"; };
		FA906549237EA43300BE216C /* Info.plist */ = {isa = PBXFileReference; lastKnownFileType = text.plist.xml; path = Info.plist; sourceTree = "<group>"; };
/* End PBXFileReference section */

/* Begin PBXFrameworksBuildPhase section */
		FA906535237EA43100BE216C /* Frameworks */ = {
			isa = PBXFrameworksBuildPhase;
			buildActionMask = 2147483647;
			files = (
				72A58D057EC9F7EC3AE60247 /* Pods_TestInputAccessoryView.framework in Frameworks */,
			);
			runOnlyForDeploymentPostprocessing = 0;
		};
/* End PBXFrameworksBuildPhase section */

/* Begin PBXGroup section */
		47BF93553CB51F6B0EC8E449 /* Frameworks */ = {
			isa = PBXGroup;
			children = (
				7D8E5E2876F7AA9EA4E6C34F /* Pods_TestInputAccessoryView.framework */,
			);
			name = Frameworks;
			sourceTree = "<group>";
		};
		F61445DB6AB6D02C1710BF3B /* Pods */ = {
			isa = PBXGroup;
			children = (
				060C1DBE0D51253420AD7D77 /* Pods-TestInputAccessoryView.debug.xcconfig */,
				D848E152C22190220A136C6D /* Pods-TestInputAccessoryView.release.xcconfig */,
			);
			path = Pods;
			sourceTree = "<group>";
		};
		FA90652F237EA43100BE216C = {
			isa = PBXGroup;
			children = (
				FA90653A237EA43100BE216C /* TestInputAccessoryView */,
				FA906539237EA43100BE216C /* Products */,
				F61445DB6AB6D02C1710BF3B /* Pods */,
				47BF93553CB51F6B0EC8E449 /* Frameworks */,
			);
			sourceTree = "<group>";
		};
		FA906539237EA43100BE216C /* Products */ = {
			isa = PBXGroup;
			children = (
				FA906538237EA43100BE216C /* TestInputAccessoryView.app */,
			);
			name = Products;
			sourceTree = "<group>";
		};
		FA90653A237EA43100BE216C /* TestInputAccessoryView */ = {
			isa = PBXGroup;
			children = (
				FA90653B237EA43100BE216C /* AppDelegate.swift */,
				FA90653D237EA43100BE216C /* SceneDelegate.swift */,
				FA90653F237EA43100BE216C /* ViewController.swift */,
				FA615105238250350085025A /* UIColor+RGB.swift */,
				FA906544237EA43200BE216C /* Assets.xcassets */,
				FA906546237EA43300BE216C /* LaunchScreen.storyboard */,
				FA906549237EA43300BE216C /* Info.plist */,
			);
			path = TestInputAccessoryView;
			sourceTree = "<group>";
		};
/* End PBXGroup section */

/* Begin PBXNativeTarget section */
		FA906537237EA43100BE216C /* TestInputAccessoryView */ = {
			isa = PBXNativeTarget;
			buildConfigurationList = FA90654C237EA43300BE216C /* Build configuration list for PBXNativeTarget "TestInputAccessoryView" */;
			buildPhases = (
				F4A1E6BB76D19003A321D6F4 /* [CP] Check Pods Manifest.lock */,
				FA906534237EA43100BE216C /* Sources */,
				FA906535237EA43100BE216C /* Frameworks */,
				FA906536237EA43100BE216C /* Resources */,
				03DC9F7451E3AB821F5282AC /* [CP] Embed Pods Frameworks */,
			);
			buildRules = (
			);
			dependencies = (
			);
			name = TestInputAccessoryView;
			productName = TestInputAccessoryView;
			productReference = FA906538237EA43100BE216C /* TestInputAccessoryView.app */;
			productType = "com.apple.product-type.application";
		};
/* End PBXNativeTarget section */

/* Begin PBXProject section */
		FA906530237EA43100BE216C /* Project object */ = {
			isa = PBXProject;
			attributes = {
				LastSwiftUpdateCheck = 1110;
				LastUpgradeCheck = 1110;
				ORGANIZATIONNAME = "Alex Huang";
				TargetAttributes = {
					FA906537237EA43100BE216C = {
						CreatedOnToolsVersion = 11.1;
					};
				};
			};
			buildConfigurationList = FA906533237EA43100BE216C /* Build configuration list for PBXProject "TestInputAccessoryView" */;
			compatibilityVersion = "Xcode 9.3";
			developmentRegion = en;
			hasScannedForEncodings = 0;
			knownRegions = (
				en,
				Base,
			);
			mainGroup = FA90652F237EA43100BE216C;
			productRefGroup = FA906539237EA43100BE216C /* Products */;
			projectDirPath = "";
			projectRoot = "";
			targets = (
				FA906537237EA43100BE216C /* TestInputAccessoryView */,
			);
		};
/* End PBXProject section */

/* Begin PBXResourcesBuildPhase section */
		FA906536237EA43100BE216C /* Resources */ = {
			isa = PBXResourcesBuildPhase;
			buildActionMask = 2147483647;
			files = (
				FA906548237EA43300BE216C /* LaunchScreen.storyboard in Resources */,
				FA906545237EA43200BE216C /* Assets.xcassets in Resources */,
			);
			runOnlyForDeploymentPostprocessing = 0;
		};
/* End PBXResourcesBuildPhase section */

/* Begin PBXShellScriptBuildPhase section */
		03DC9F7451E3AB821F5282AC /* [CP] Embed Pods Frameworks */ = {
			isa = PBXShellScriptBuildPhase;
			buildActionMask = 2147483647;
			files = (
			);
			inputFileListPaths = (
				"${PODS_ROOT}/Target Support Files/Pods-TestInputAccessoryView/Pods-TestInputAccessoryView-frameworks-${CONFIGURATION}-input-files.xcfilelist",
			);
			name = "[CP] Embed Pods Frameworks";
			outputFileListPaths = (
				"${PODS_ROOT}/Target Support Files/Pods-TestInputAccessoryView/Pods-TestInputAccessoryView-frameworks-${CONFIGURATION}-output-files.xcfilelist",
			);
			runOnlyForDeploymentPostprocessing = 0;
			shellPath = /bin/sh;
			shellScript = "\"${PODS_ROOT}/Target Support Files/Pods-TestInputAccessoryView/Pods-TestInputAccessoryView-frameworks.sh\"\n";
			showEnvVarsInLog = 0;
		};
		F4A1E6BB76D19003A321D6F4 /* [CP] Check Pods Manifest.lock */ = {
			isa = PBXShellScriptBuildPhase;
			buildActionMask = 2147483647;
			files = (
			);
			inputFileListPaths = (
			);
			inputPaths = (
				"${PODS_PODFILE_DIR_PATH}/Podfile.lock",
				"${PODS_ROOT}/Manifest.lock",
			);
			name = "[CP] Check Pods Manifest.lock";
			outputFileListPaths = (
			);
			outputPaths = (
				"$(DERIVED_FILE_DIR)/Pods-TestInputAccessoryView-checkManifestLockResult.txt",
			);
			runOnlyForDeploymentPostprocessing = 0;
			shellPath = /bin/sh;
			shellScript = "diff \"${PODS_PODFILE_DIR_PATH}/Podfile.lock\" \"${PODS_ROOT}/Manifest.lock\" > /dev/null\nif [ $? != 0 ] ; then\n    # print error to STDERR\n    echo \"error: The sandbox is not in sync with the Podfile.lock. Run 'pod install' or update your CocoaPods installation.\" >&2\n    exit 1\nfi\n# This output is used by Xcode 'outputs' to avoid re-running this script phase.\necho \"SUCCESS\" > \"${SCRIPT_OUTPUT_FILE_0}\"\n";
			showEnvVarsInLog = 0;
		};
/* End PBXShellScriptBuildPhase section */

/* Begin PBXSourcesBuildPhase section */
		FA906534237EA43100BE216C /* Sources */ = {
			isa = PBXSourcesBuildPhase;
			buildActionMask = 2147483647;
			files = (
				FA906540237EA43100BE216C /* ViewController.swift in Sources */,
				FA90653C237EA43100BE216C /* AppDelegate.swift in Sources */,
				FA90653E237EA43100BE216C /* SceneDelegate.swift in Sources */,
				FA615106238250350085025A /* UIColor+RGB.swift in Sources */,
			);
			runOnlyForDeploymentPostprocessing = 0;
		};
/* End PBXSourcesBuildPhase section */

/* Begin PBXVariantGroup section */
		FA906546237EA43300BE216C /* LaunchScreen.storyboard */ = {
			isa = PBXVariantGroup;
			children = (
				FA906547237EA43300BE216C /* Base */,
			);
			name = LaunchScreen.storyboard;
			sourceTree = "<group>";
		};
/* End PBXVariantGroup section */

/* Begin XCBuildConfiguration section */
		FA90654A237EA43300BE216C /* Debug */ = {
			isa = XCBuildConfiguration;
			buildSettings = {
				ALWAYS_SEARCH_USER_PATHS = NO;
				CLANG_ANALYZER_NONNULL = YES;
				CLANG_ANALYZER_NUMBER_OBJECT_CONVERSION = YES_AGGRESSIVE;
				CLANG_CXX_LANGUAGE_STANDARD = "gnu++14";
				CLANG_CXX_LIBRARY = "libc++";
				CLANG_ENABLE_MODULES = YES;
				CLANG_ENABLE_OBJC_ARC = YES;
				CLANG_ENABLE_OBJC_WEAK = YES;
				CLANG_WARN_BLOCK_CAPTURE_AUTORELEASING = YES;
				CLANG_WARN_BOOL_CONVERSION = YES;
				CLANG_WARN_COMMA = YES;
				CLANG_WARN_CONSTANT_CONVERSION = YES;
				CLANG_WARN_DEPRECATED_OBJC_IMPLEMENTATIONS = YES;
				CLANG_WARN_DIRECT_OBJC_ISA_USAGE = YES_ERROR;
				CLANG_WARN_DOCUMENTATION_COMMENTS = YES;
				CLANG_WARN_EMPTY_BODY = YES;
				CLANG_WARN_ENUM_CONVERSION = YES;
				CLANG_WARN_INFINITE_RECURSION = YES;
				CLANG_WARN_INT_CONVERSION = YES;
				CLANG_WARN_NON_LITERAL_NULL_CONVERSION = YES;
				CLANG_WARN_OBJC_IMPLICIT_RETAIN_SELF = YES;
				CLANG_WARN_OBJC_LITERAL_CONVERSION = YES;
				CLANG_WARN_OBJC_ROOT_CLASS = YES_ERROR;
				CLANG_WARN_RANGE_LOOP_ANALYSIS = YES;
				CLANG_WARN_STRICT_PROTOTYPES = YES;
				CLANG_WARN_SUSPICIOUS_MOVE = YES;
				CLANG_WARN_UNGUARDED_AVAILABILITY = YES_AGGRESSIVE;
				CLANG_WARN_UNREACHABLE_CODE = YES;
				CLANG_WARN__DUPLICATE_METHOD_MATCH = YES;
				COPY_PHASE_STRIP = NO;
				DEBUG_INFORMATION_FORMAT = dwarf;
				ENABLE_STRICT_OBJC_MSGSEND = YES;
				ENABLE_TESTABILITY = YES;
				GCC_C_LANGUAGE_STANDARD = gnu11;
				GCC_DYNAMIC_NO_PIC = NO;
				GCC_NO_COMMON_BLOCKS = YES;
				GCC_OPTIMIZATION_LEVEL = 0;
				GCC_PREPROCESSOR_DEFINITIONS = (
					"DEBUG=1",
					"$(inherited)",
				);
				GCC_WARN_64_TO_32_BIT_CONVERSION = YES;
				GCC_WARN_ABOUT_RETURN_TYPE = YES_ERROR;
				GCC_WARN_UNDECLARED_SELECTOR = YES;
				GCC_WARN_UNINITIALIZED_AUTOS = YES_AGGRESSIVE;
				GCC_WARN_UNUSED_FUNCTION = YES;
				GCC_WARN_UNUSED_VARIABLE = YES;
				IPHONEOS_DEPLOYMENT_TARGET = 13.1;
				MTL_ENABLE_DEBUG_INFO = INCLUDE_SOURCE;
				MTL_FAST_MATH = YES;
				ONLY_ACTIVE_ARCH = YES;
				SDKROOT = iphoneos;
				SWIFT_ACTIVE_COMPILATION_CONDITIONS = DEBUG;
				SWIFT_OPTIMIZATION_LEVEL = "-Onone";
			};
			name = Debug;
		};
		FA90654B237EA43300BE216C /* Release */ = {
			isa = XCBuildConfiguration;
			buildSettings = {
				ALWAYS_SEARCH_USER_PATHS = NO;
				CLANG_ANALYZER_NONNULL = YES;
				CLANG_ANALYZER_NUMBER_OBJECT_CONVERSION = YES_AGGRESSIVE;
				CLANG_CXX_LANGUAGE_STANDARD = "gnu++14";
				CLANG_CXX_LIBRARY = "libc++";
				CLANG_ENABLE_MODULES = YES;
				CLANG_ENABLE_OBJC_ARC = YES;
				CLANG_ENABLE_OBJC_WEAK = YES;
				CLANG_WARN_BLOCK_CAPTURE_AUTORELEASING = YES;
				CLANG_WARN_BOOL_CONVERSION = YES;
				CLANG_WARN_COMMA = YES;
				CLANG_WARN_CONSTANT_CONVERSION = YES;
				CLANG_WARN_DEPRECATED_OBJC_IMPLEMENTATIONS = YES;
				CLANG_WARN_DIRECT_OBJC_ISA_USAGE = YES_ERROR;
				CLANG_WARN_DOCUMENTATION_COMMENTS = YES;
				CLANG_WARN_EMPTY_BODY = YES;
				CLANG_WARN_ENUM_CONVERSION = YES;
				CLANG_WARN_INFINITE_RECURSION = YES;
				CLANG_WARN_INT_CONVERSION = YES;
				CLANG_WARN_NON_LITERAL_NULL_CONVERSION = YES;
				CLANG_WARN_OBJC_IMPLICIT_RETAIN_SELF = YES;
				CLANG_WARN_OBJC_LITERAL_CONVERSION = YES;
				CLANG_WARN_OBJC_ROOT_CLASS = YES_ERROR;
				CLANG_WARN_RANGE_LOOP_ANALYSIS = YES;
				CLANG_WARN_STRICT_PROTOTYPES = YES;
				CLANG_WARN_SUSPICIOUS_MOVE = YES;
				CLANG_WARN_UNGUARDED_AVAILABILITY = YES_AGGRESSIVE;
				CLANG_WARN_UNREACHABLE_CODE = YES;
				CLANG_WARN__DUPLICATE_METHOD_MATCH = YES;
				COPY_PHASE_STRIP = NO;
				DEBUG_INFORMATION_FORMAT = "dwarf-with-dsym";
				ENABLE_NS_ASSERTIONS = NO;
				ENABLE_STRICT_OBJC_MSGSEND = YES;
				GCC_C_LANGUAGE_STANDARD = gnu11;
				GCC_NO_COMMON_BLOCKS = YES;
				GCC_WARN_64_TO_32_BIT_CONVERSION = YES;
				GCC_WARN_ABOUT_RETURN_TYPE = YES_ERROR;
				GCC_WARN_UNDECLARED_SELECTOR = YES;
				GCC_WARN_UNINITIALIZED_AUTOS = YES_AGGRESSIVE;
				GCC_WARN_UNUSED_FUNCTION = YES;
				GCC_WARN_UNUSED_VARIABLE = YES;
				IPHONEOS_DEPLOYMENT_TARGET = 13.1;
				MTL_ENABLE_DEBUG_INFO = NO;
				MTL_FAST_MATH = YES;
				SDKROOT = iphoneos;
				SWIFT_COMPILATION_MODE = wholemodule;
				SWIFT_OPTIMIZATION_LEVEL = "-O";
				VALIDATE_PRODUCT = YES;
			};
			name = Release;
		};
		FA90654D237EA43300BE216C /* Debug */ = {
			isa = XCBuildConfiguration;
			baseConfigurationReference = 060C1DBE0D51253420AD7D77 /* Pods-TestInputAccessoryView.debug.xcconfig */;
			buildSettings = {
				ASSETCATALOG_COMPILER_APPICON_NAME = AppIcon;
				CODE_SIGN_STYLE = Automatic;
				DEVELOPMENT_TEAM = M3MH4F5TX3;
				INFOPLIST_FILE = TestInputAccessoryView/Info.plist;
				IPHONEOS_DEPLOYMENT_TARGET = 13.0;
				LD_RUNPATH_SEARCH_PATHS = (
					"$(inherited)",
					"@executable_path/Frameworks",
				);
				PRODUCT_BUNDLE_IDENTIFIER = com.wave.TestInputAccessoryView;
				PRODUCT_NAME = "$(TARGET_NAME)";
				SWIFT_VERSION = 5.0;
				TARGETED_DEVICE_FAMILY = "1,2";
			};
			name = Debug;
		};
		FA90654E237EA43300BE216C /* Release */ = {
			isa = XCBuildConfiguration;
			baseConfigurationReference = D848E152C22190220A136C6D /* Pods-TestInputAccessoryView.release.xcconfig */;
			buildSettings = {
				ASSETCATALOG_COMPILER_APPICON_NAME = AppIcon;
				CODE_SIGN_STYLE = Automatic;
				DEVELOPMENT_TEAM = M3MH4F5TX3;
				INFOPLIST_FILE = TestInputAccessoryView/Info.plist;
				IPHONEOS_DEPLOYMENT_TARGET = 13.0;
				LD_RUNPATH_SEARCH_PATHS = (
					"$(inherited)",
					"@executable_path/Frameworks",
				);
				PRODUCT_BUNDLE_IDENTIFIER = com.wave.TestInputAccessoryView;
				PRODUCT_NAME = "$(TARGET_NAME)";
				SWIFT_VERSION = 5.0;
				TARGETED_DEVICE_FAMILY = "1,2";
			};
			name = Release;
		};
/* End XCBuildConfiguration section */

/* Begin XCConfigurationList section */
		FA906533237EA43100BE216C /* Build configuration list for PBXProject "TestInputAccessoryView" */ = {
			isa = XCConfigurationList;
			buildConfigurations = (
				FA90654A237EA43300BE216C /* Debug */,
				FA90654B237EA43300BE216C /* Release */,
			);
			defaultConfigurationIsVisible = 0;
			defaultConfigurationName = Release;
		};
		FA90654C237EA43300BE216C /* Build configuration list for PBXNativeTarget "TestInputAccessoryView" */ = {
			isa = XCConfigurationList;
			buildConfigurations = (
				FA90654D237EA43300BE216C /* Debug */,
				FA90654E237EA43300BE216C /* Release */,
			);
			defaultConfigurationIsVisible = 0;
			defaultConfigurationName = Release;
		};
/* End XCConfigurationList section */
	};
	rootObject = FA906530237EA43100BE216C /* Project object */;
}
